{
  "nodes": {
    "copilot-vim": {
      "flake": false,
      "locked": {
        "lastModified": 1767991757,
        "narHash": "sha256-McrihGscbvt2lqHil3NxHUfgx/IAFDf7tdbBkv4vTK4=",
        "owner": "github",
        "repo": "copilot.vim",
        "rev": "a12fd5672110c8aa7e3c8419e28c96943ca179be",
        "type": "github"
      },
      "original": {
        "owner": "github",
        "repo": "copilot.vim",
        "type": "github"
      }
    },
    "darwin": {
      "inputs": {
        "nixpkgs": [
          "nixpkgs"
        ]
      },
      "locked": {
        "lastModified": 1772129556,
        "narHash": "sha256-Utk0zd8STPsUJPyjabhzPc5BpPodLTXrwkpXBHYnpeg=",
        "owner": "LnL7",
        "repo": "nix-darwin",
        "rev": "ebec37af18215214173c98cf6356d0aca24a2585",
        "type": "github"
      },
      "original": {
        "owner": "LnL7",
        "ref": "nix-darwin-25.11",
        "repo": "nix-darwin",
        "type": "github"
      }
    },
    "home-manager": {
      "inputs": {
        "nixpkgs": [
          "nixpkgs"
        ]
      },
      "locked": {
        "lastModified": 1777851538,
        "narHash": "sha256-Gp8qwTEYNoy2yvmErVGlvLOQvrtEECCAKbonW7VJef8=",
        "owner": "nix-community",
        "repo": "home-manager",
        "rev": "cc09c0f9b7eaa95c2d9827338a5eb03d32505ca5",
        "type": "github"
      },
      "original": {
        "owner": "nix-community",
        "ref": "release-25.11",
        "repo": "home-manager",
        "type": "github"
      }
    },
    "nix-vscode-extensions": {
      "inputs": {
        "nixpkgs": [
          "nixpkgs"
        ]
      },
      "locked": {
        "lastModified": 1777866180,
        "narHash": "sha256-F6DrT3DNNhzz8B4FKADRxPCFPpdax/PFSTykwkgD9R8=",
        "owner": "nix-community",
        "repo": "nix-vscode-extensions",
        "rev": "cadfc931421c1c1c200469ffaa3b4ff8b1cbe1f9",
        "type": "github"
      },
      "original": {
        "owner": "nix-community",
        "repo": "nix-vscode-extensions",
        "type": "github"
      }
    },
    "nixos": {
      "locked": {
        "lastModified": 1777673416,
        "narHash": "sha256-5c2POKPOjU40Kh0MirOdScBLG0bu9TAuPYAtPRNZMBs=",
        "owner": "nixos",
        "repo": "nixpkgs",
        "rev": "26ef669cffa904b6f6832ab57b77892a37c1a671",
        "type": "github"
      },
      "original": {
        "owner": "nixos",
        "ref": "nixos-25.11",
        "repo": "nixpkgs",
        "type": "github"
      }
    },
    "nixos-hardware": {
      "locked": {
        "lastModified": 1777796046,
        "narHash": "sha256-bEJp/zaQApzynGRaAO62BZSz9tFikKtIHCn2yIA/s7Q=",
        "owner": "nixos",
        "repo": "nixos-hardware",
        "rev": "eeb02f6e29fc8139c0b15af5ff0fdfdc6d0d3d90",
        "type": "github"
      },
      "original": {
        "owner": "nixos",
        "ref": "master",
        "repo": "nixos-hardware",
        "type": "github"
      }
    },
    "nixpkgs": {
      "locked": {
        "lastModified": 1777886943,
        "narHash": "sha256-CwmE3cKHWqEJQkH7PjFbO0BIa3GGYXYgdAvN0kqdBKY=",
        "owner": "nixos",
        "repo": "nixpkgs",
        "rev": "27fb5961c96b81b56293fd1d343154a070ba1831",
        "type": "github"
      },
      "original": {
        "owner": "nixos",
        "ref": "release-25.11",
        "repo": "nixpkgs",
        "type": "github"
      }
    },
    "nixpkgs_unstable": {
      "locked": {
        "lastModified": 1777885773,
        "narHash": "sha256-UaOuVvJT9wU9uvBXj6A8IUn3i6PORo1YGhKNhkMet1k=",
        "owner": "nixos",
        "repo": "nixpkgs",
        "rev": "7dccb1451612f51f96a24483774f06f260565310",
        "type": "github"
      },
      "original": {
        "owner": "nixos",
        "ref": "master",
        "repo": "nixpkgs",
        "type": "github"
      }
    },
    "root": {
      "inputs": {
        "copilot-vim": "copilot-vim",
        "darwin": "darwin",
        "home-manager": "home-manager",
        "nix-vscode-extensions": "nix-vscode-extensions",
        "nixos": "nixos",
        "nixos-hardware": "nixos-hardware",
        "nixpkgs": "nixpkgs",
        "nixpkgs_unstable": "nixpkgs_unstable",
        "sops-nix": "sops-nix",
        "vim-rzip": "vim-rzip"
      }
    },
    "sops-nix": {
      "inputs": {
        "nixpkgs": [
          "nixpkgs"
        ]
      },
      "locked": {
        "lastModified": 1777338324,
        "narHash": "sha256-bc+ZZCmOTNq86/svGnw0tVpH7vJaLYvGLLKFYP08Q8E=",
        "owner": "Mic92",
        "repo": "sops-nix",
        "rev": "8eaee5c45428b28b8c47a83e4c09dccec5f279b5",
        "type": "github"
      },
      "original": {
        "owner": "Mic92",
        "repo": "sops-nix",
        "type": "github"
      }
    },
    "vim-rzip": {
      "flake": false,
      "locked": {
        "lastModified": 1676657756,
        "narHash": "sha256-xy7rNqDVqlGapKClrP5BhfOORlMzHOQ8oIc8FdZT/AE=",
        "owner": "lbrayner",
        "repo": "vim-rzip",
        "rev": "f65400fed27b27c7cff7ef8d428c4e5ff749bf28",
        "type": "github"
      },
      "original": {
        "owner": "lbrayner",
        "repo": "vim-rzip",
        "type": "github"
      }
    }
  },
  "root": "root",
  "version": 7
}
