{
  "nodes": {
    "copilot-vim": {
      "flake": false,
      "locked": {
        "lastModified": 1688161333,
        "narHash": "sha256-+HtuP1r5IS/rfWP7TtF+KrOydHHfepe0yjB3c35skPk=",
        "owner": "github",
        "repo": "copilot.vim",
        "rev": "a4a6d6b3f9e284e7f5c849619e06cd228cad8abd",
        "type": "github"
      },
      "original": {
        "owner": "github",
        "repo": "copilot.vim",
        "type": "github"
      }
    },
    "darwin": {
      "inputs": {
        "nixpkgs": [
          "nixpkgs"
        ]
      },
      "locked": {
        "lastModified": 1689281837,
        "narHash": "sha256-msgwgot2/hxXzlpYltIZ7boAqBkN8XejNOhBJ07q3FY=",
        "owner": "LnL7",
        "repo": "nix-darwin",
        "rev": "c806a73609e77f0c446fdad5d3ea6ca3b7ae6e5f",
        "type": "github"
      },
      "original": {
        "owner": "LnL7",
        "ref": "master",
        "repo": "nix-darwin",
        "type": "github"
      }
    },
    "flake-utils": {
      "inputs": {
        "systems": "systems"
      },
      "locked": {
        "lastModified": 1689068808,
        "narHash": "sha256-6ixXo3wt24N/melDWjq70UuHQLxGV8jZvooRanIHXw0=",
        "owner": "numtide",
        "repo": "flake-utils",
        "rev": "919d646de7be200f3bf08cb76ae1f09402b6f9b4",
        "type": "github"
      },
      "original": {
        "id": "flake-utils",
        "type": "indirect"
      }
    },
    "gptcache": {
      "flake": false,
      "locked": {
        "lastModified": 1689346731,
        "narHash": "sha256-H0KCHqcZ4PJjJ5M42lKFXAFgSdP6OxoyGRjaHcuzlco=",
        "owner": "zilliztech",
        "repo": "GPTCache",
        "rev": "bd152a7bd3e547d2d62935420b427623d90fb45b",
        "type": "github"
      },
      "original": {
        "owner": "zilliztech",
        "repo": "GPTCache",
        "type": "github"
      }
    },
    "guidance": {
      "flake": false,
      "locked": {
        "lastModified": 1687305486,
        "narHash": "sha256-tQpDJprxctKI88F+CZ9aSJbVo7tjmI4+VrI+WO4QlxE=",
        "owner": "microsoft",
        "repo": "guidance",
        "rev": "e3c6fe93fa00cb86efc130bbce22aa29100936d4",
        "type": "github"
      },
      "original": {
        "owner": "microsoft",
        "repo": "guidance",
        "type": "github"
      }
    },
    "home-manager": {
      "inputs": {
        "nixpkgs": [
          "nixpkgs"
        ]
      },
      "locked": {
        "lastModified": 1687871164,
        "narHash": "sha256-bBFlPthuYX322xOlpJvkjUBz0C+MOBjZdDOOJJ+G2jU=",
        "owner": "nix-community",
        "repo": "home-manager",
        "rev": "07c347bb50994691d7b0095f45ebd8838cf6bc38",
        "type": "github"
      },
      "original": {
        "owner": "nix-community",
        "ref": "release-23.05",
        "repo": "home-manager",
        "type": "github"
      }
    },
    "llama_cpp": {
      "inputs": {
        "flake-utils": [
          "flake-utils"
        ],
        "nixpkgs": [
          "nixpkgs"
        ]
      },
      "locked": {
        "lastModified": 1689417256,
        "narHash": "sha256-TNcR/daopBcquSsigOZ9xn6Qo+0xJy1r/nybxi+XI6E=",
        "owner": "ggerganov",
        "repo": "llama.cpp",
        "rev": "6e7cca404748dd4b1a3affd0d1296e37f4ac0a6f",
        "type": "github"
      },
      "original": {
        "owner": "ggerganov",
        "repo": "llama.cpp",
        "type": "github"
      }
    },
    "nixpkgs": {
      "locked": {
        "lastModified": 1685566663,
        "narHash": "sha256-btHN1czJ6rzteeCuE/PNrdssqYD2nIA4w48miQAFloM=",
        "owner": "nixos",
        "repo": "nixpkgs",
        "rev": "4ecab3273592f27479a583fb6d975d4aba3486fe",
        "type": "github"
      },
      "original": {
        "owner": "nixos",
        "ref": "23.05",
        "repo": "nixpkgs",
        "type": "github"
      }
    },
    "openai": {
      "flake": false,
      "locked": {
        "lastModified": 1689028689,
        "narHash": "sha256-XDbJZemayBAtrbvKhMXD8XMHYkEIG+E1J9v1O8jk4wc=",
        "owner": "openai",
        "repo": "openai-python",
        "rev": "b82a3f7e4c462a8a10fa445193301a3cefef9a4a",
        "type": "github"
      },
      "original": {
        "owner": "openai",
        "repo": "openai-python",
        "type": "github"
      }
    },
    "root": {
      "inputs": {
        "copilot-vim": "copilot-vim",
        "darwin": "darwin",
        "flake-utils": "flake-utils",
        "gptcache": "gptcache",
        "guidance": "guidance",
        "home-manager": "home-manager",
        "llama_cpp": "llama_cpp",
        "nixpkgs": "nixpkgs",
        "openai": "openai",
        "selective_context": "selective_context",
        "vim-astro": "vim-astro"
      }
    },
    "selective_context": {
      "flake": false,
      "locked": {
        "lastModified": 1685896350,
        "narHash": "sha256-twnCbgC9kt7uGRfs3TrnOHZxKbM3uTpXnymO+HGkT7w=",
        "owner": "liyucheng09",
        "repo": "Selective_Context",
        "rev": "1e5d9133fe38f2c5f0520e2dac2e25854681c879",
        "type": "github"
      },
      "original": {
        "owner": "liyucheng09",
        "repo": "Selective_Context",
        "type": "github"
      }
    },
    "systems": {
      "locked": {
        "lastModified": 1681028828,
        "narHash": "sha256-Vy1rq5AaRuLzOxct8nz4T6wlgyUR7zLU309k9mBC768=",
        "owner": "nix-systems",
        "repo": "default",
        "rev": "da67096a3b9bf56a91d16901293e51ba5b49a27e",
        "type": "github"
      },
      "original": {
        "owner": "nix-systems",
        "repo": "default",
        "type": "github"
      }
    },
    "vim-astro": {
      "flake": false,
      "locked": {
        "lastModified": 1661391168,
        "narHash": "sha256-HyQ4i/T1uQmGurBqCpo8+ESVSVPsTrLQBxLe2OEYjcY=",
        "owner": "wuelnerdotexe",
        "repo": "vim-astro",
        "rev": "34732be5e9a5c28c2409f4490edf92d46d8b55a9",
        "type": "github"
      },
      "original": {
        "owner": "wuelnerdotexe",
        "repo": "vim-astro",
        "type": "github"
      }
    }
  },
  "root": "root",
  "version": 7
}
